{
  "requires": true,
  "lockfileVersion": 1,
  "dependencies": {
    "uws": {
      "version": "99.0.0",
      "resolved": "https://registry.npmjs.org/uws/-/uws-99.0.0.tgz",
      "integrity": "sha512-gbzhpHHE37BsiCB1raq5Wzf4ENKTaxyg1gZ7LJ/Z0za9Ic6EEwq5VpfivNh9Or2Tpf3f3jPEWCGLVDle2MukTg=="
    }
  }
}
